
Microsoft Visual Studio Solution File, Format Version 12.00
# Visual Studio 15
VisualStudioVersion = 15.0.27130.2027
MinimumVisualStudioVersion = 10.0.40219.1
Project("{9A19103F-16F7-4668-BE54-9A1E7A4F7556}") = "Cattronium", "Cattronium.csproj", "{93628B57-30C6-48B9-8952-8DEA72E0C3B3}"
EndProject
Global
	GlobalSection(SolutionConfigurationPlatforms) = preSolution
		Debug|Any CPU = Debug|Any CPU
		Release|Any CPU = Release|Any CPU
	EndGlobalSection
	GlobalSection(ProjectConfigurationPlatforms) = postSolution
		{93628B57-30C6-48B9-8952-8DEA72E0C3B3}.Debug|Any CPU.ActiveCfg = Debug|Any CPU
		{93628B57-30C6-48B9-8952-8DEA72E0C3B3}.Debug|Any CPU.Build.0 = Debug|Any CPU
		{93628B57-30C6-48B9-8952-8DEA72E0C3B3}.Release|Any CPU.ActiveCfg = Release|Any CPU
		{93628B57-30C6-48B9-8952-8DEA72E0C3B3}.Release|Any CPU.Build.0 = Release|Any CPU
	EndGlobalSection
	GlobalSection(SolutionProperties) = preSolution
		HideSolutionNode = FALSE
	EndGlobalSection
	GlobalSection(ExtensibilityGlobals) = postSolution
		SolutionGuid = {847380DB-EDC5-4BE4-88AE-D7B3AC16756B}
	EndGlobalSection
EndGlobal
